
Microsoft Visual Studio Solution File, Format Version 12.00
# Visual Studio Version 16
VisualStudioVersion = 16.0.31205.134
MinimumVisualStudioVersion = 10.0.40219.1
Project("{888888A0-9F3D-457C-B088-3A5042F75D52}") = "BriksBreak", "BriksBreak\BriksBreak.pyproj", "{1E36CD18-C652-410A-9EC0-347851979865}"
EndProject
Global
	GlobalSection(SolutionConfigurationPlatforms) = preSolution
		Debug|Any CPU = Debug|Any CPU
		Release|Any CPU = Release|Any CPU
	EndGlobalSection
	GlobalSection(ProjectConfigurationPlatforms) = postSolution
		{1E36CD18-C652-410A-9EC0-347851979865}.Debug|Any CPU.ActiveCfg = Debug|Any CPU
		{1E36CD18-C652-410A-9EC0-347851979865}.Release|Any CPU.ActiveCfg = Release|Any CPU
	EndGlobalSection
	GlobalSection(SolutionProperties) = preSolution
		HideSolutionNode = FALSE
	EndGlobalSection
	GlobalSection(ExtensibilityGlobals) = postSolution
		SolutionGuid = {3B0F31F0-64BB-418B-A992-2D0373ABB8C5}
	EndGlobalSection
EndGlobal
